
Microsoft Visual Studio Solution File, Format Version 11.00
# Visual C++ Express 2010
Project("{8BC9CEB8-8B4A-11D0-8D11-00A0C91BC942}") = "sph", "sph\sph.vcxproj", "{DF27E145-C875-4E1E-A656-BE7CDACE7ACF}"
EndProject
Global
	GlobalSection(SolutionConfigurationPlatforms) = preSolution
		Debug|Win32 = Debug|Win32
		Release|Win32 = Release|Win32
	EndGlobalSection
	GlobalSection(ProjectConfigurationPlatforms) = postSolution
		{DF27E145-C875-4E1E-A656-BE7CDACE7ACF}.Debug|Win32.ActiveCfg = Debug|Win32
		{DF27E145-C875-4E1E-A656-BE7CDACE7ACF}.Debug|Win32.Build.0 = Debug|Win32
		{DF27E145-C875-4E1E-A656-BE7CDACE7ACF}.Release|Win32.ActiveCfg = Release|Win32
		{DF27E145-C875-4E1E-A656-BE7CDACE7ACF}.Release|Win32.Build.0 = Release|Win32
	EndGlobalSection
	GlobalSection(SolutionProperties) = preSolution
		HideSolutionNode = FALSE
	EndGlobalSection
EndGlobal
